
Microsoft Visual Studio Solution File, Format Version 12.00
Project("{FAE04EC0-301F-11D3-BF4B-00C04F79EFBC}") = "CronSample", "CronSample\CronSample.csproj", "{B02A6E5D-3F3A-447F-9864-A0CCB5851E21}"
EndProject
Global
	GlobalSection(SolutionConfigurationPlatforms) = preSolution
		Debug|Any CPU = Debug|Any CPU
		Release|Any CPU = Release|Any CPU
	EndGlobalSection
	GlobalSection(ProjectConfigurationPlatforms) = postSolution
		{B02A6E5D-3F3A-447F-9864-A0CCB5851E21}.Debug|Any CPU.ActiveCfg = Debug|Any CPU
		{B02A6E5D-3F3A-447F-9864-A0CCB5851E21}.Debug|Any CPU.Build.0 = Debug|Any CPU
		{B02A6E5D-3F3A-447F-9864-A0CCB5851E21}.Release|Any CPU.ActiveCfg = Release|Any CPU
		{B02A6E5D-3F3A-447F-9864-A0CCB5851E21}.Release|Any CPU.Build.0 = Release|Any CPU
	EndGlobalSection
EndGlobal
